<?xml version="1.0" encoding="utf-8"?>
<Project ToolsVersion="4.0" xmlns="http://schemas.microsoft.com/developer/msbuild/2003">
  <ItemGroup>
    <Filter Include="Resource Files">
      <UniqueIdentifier>{f2b2d73c-8b07-471a-93e9-34cf7c171258}</UniqueIdentifier>
      <Extensions>rc;ico;cur;bmp;dlg;rc2;rct;bin;rgs;gif;jpg;jpeg;jpe;resx;tiff;tif;png;wav;mfcribbon-ms</Extensions>
    </Filter>
    <Filter Include="Imgui">
      <UniqueIdentifier>{120d2bd2-8f75-4a43-b150-86fd00d37017}</UniqueIdentifier>
    </Filter>
    <Filter Include="Menu">
      <UniqueIdentifier>{662586c5-2919-4dad-9985-1936c998de4a}</UniqueIdentifier>
    </Filter>
    <Filter Include="Util">
      <UniqueIdentifier>{249db3d8-fad2-41bd-862c-c8994cb0e470}</UniqueIdentifier>
    </Filter>
    <Filter Include="Util\Globals">
      <UniqueIdentifier>{12ecb9ed-7918-450a-8deb-79e8fb302942}</UniqueIdentifier>
    </Filter>
    <Filter Include="Menu\Settings">
      <UniqueIdentifier>{ed245765-b2f0-4f45-92da-6f596f92e3e7}</UniqueIdentifier>
    </Filter>
    <Filter Include="Util\Protect">
      <UniqueIdentifier>{789f5d70-08fb-4b01-a53e-9691679547a9}</UniqueIdentifier>
    </Filter>
    <Filter Include="Util\Memory">
      <UniqueIdentifier>{58a8d64c-8378-45c0-aed3-3b08577aa372}</UniqueIdentifier>
    </Filter>
    <Filter Include="Util\Mouse">
      <UniqueIdentifier>{7c440d34-ba4a-4428-af20-3a722c888826}</UniqueIdentifier>
    </Filter>
    <Filter Include="Util\Math">
      <UniqueIdentifier>{f31b3619-d45b-43a2-8292-de3e2e2b4da7}</UniqueIdentifier>
    </Filter>
    <Filter Include="Util\Vector">
      <UniqueIdentifier>{b91bc101-08a1-4e2e-a91f-2be72c59df47}</UniqueIdentifier>
    </Filter>
    <Filter Include="GameData">
      <UniqueIdentifier>{4d16087c-60b6-4913-88f2-96bafa12840b}</UniqueIdentifier>
    </Filter>
    <Filter Include="GameData\GnameType">
      <UniqueIdentifier>{abbb39d4-0f68-440b-ae05-4501320cda9d}</UniqueIdentifier>
    </Filter>
    <Filter Include="GameData\Game Offsets">
      <UniqueIdentifier>{952b326c-8d70-473a-bea6-fa50bab0c59f}</UniqueIdentifier>
    </Filter>
    <Filter Include="Util\Includes">
      <UniqueIdentifier>{8ea5c7d6-be8a-4c1d-af07-0ed8b4787083}</UniqueIdentifier>
    </Filter>
    <Filter Include="Menu\Config">
      <UniqueIdentifier>{55ae26cc-77ea-4858-93ab-03131a4be372}</UniqueIdentifier>
    </Filter>
    <Filter Include="Util\CSX">
      <UniqueIdentifier>{2fdd6af0-c0e2-4fff-9136-19238ea83cba}</UniqueIdentifier>
    </Filter>
    <Filter Include="Imgui\UI">
      <UniqueIdentifier>{fbfcba2a-587a-45d1-a209-618ac411a127}</UniqueIdentifier>
    </Filter>
    <Filter Include="Hack">
      <UniqueIdentifier>{4896c711-215c-458e-be00-3478b7915498}</UniqueIdentifier>
    </Filter>
    <Filter Include="Hack\Features">
      <UniqueIdentifier>{a9a00810-f4f3-4549-a10a-00cef23ab263}</UniqueIdentifier>
    </Filter>
    <Filter Include="Hack\Features\Aimbot">
      <UniqueIdentifier>{b20f499d-ff5e-4f19-ba6c-5e699965bace}</UniqueIdentifier>
    </Filter>
    <Filter Include="Hack\Features\Misc">
      <UniqueIdentifier>{0e9f8512-defc-49b7-a341-ddb454780925}</UniqueIdentifier>
    </Filter>
    <Filter Include="Hack\Features\Visuals">
      <UniqueIdentifier>{2d134887-f653-4b4a-89bc-340cf0d345f4}</UniqueIdentifier>
    </Filter>
    <Filter Include="Util\Loader">
      <UniqueIdentifier>{f7750c53-5341-40c3-91f8-2be503e3bba3}</UniqueIdentifier>
    </Filter>
    <Filter Include="Util\Loader\Driver">
      <UniqueIdentifier>{15daaa47-df6b-4a98-aeb1-2bb39789def5}</UniqueIdentifier>
    </Filter>
    <Filter Include="OpenGL">
      <UniqueIdentifier>{2956b848-4d88-4a2f-84f2-c49da968fdb9}</UniqueIdentifier>
    </Filter>
    <Filter Include="OpenGL\Render">
      <UniqueIdentifier>{a087a652-c52a-44d0-a9dd-6ef3830a9dce}</UniqueIdentifier>
    </Filter>
    <Filter Include="OpenGL\Other">
      <UniqueIdentifier>{2aee87c1-8261-43e1-9bdd-e9e0e34c63f7}</UniqueIdentifier>
    </Filter>
    <Filter Include="Util\Loader\kdmapper">
      <UniqueIdentifier>{1102fb20-271e-4819-b261-9e5ba3514962}</UniqueIdentifier>
    </Filter>
    <Filter Include="Util\Arabic">
      <UniqueIdentifier>{879cb5fe-b62c-4f8f-845e-7224ed136f96}</UniqueIdentifier>
    </Filter>
  </ItemGroup>
  <ItemGroup>
    <ClInclude Include="GL3.h">
      <Filter>OpenGL</Filter>
    </ClInclude>
    <ClInclude Include="Menu.h">
      <Filter>Menu</Filter>
    </ClInclude>
    <ClInclude Include="Includes.h">
      <Filter>Util\Includes</Filter>
    </ClInclude>
    <ClInclude Include="Render.h">
      <Filter>OpenGL\Render</Filter>
    </ClInclude>
    <ClInclude Include="Globals.h">
      <Filter>Util\Globals</Filter>
    </ClInclude>
    <ClInclude Include="Settings.h">
      <Filter>Menu\Settings</Filter>
    </ClInclude>
    <ClInclude Include="math.h">
      <Filter>Util\Math</Filter>
    </ClInclude>
    <ClInclude Include="Vector.h">
      <Filter>Util\Vector</Filter>
    </ClInclude>
    <ClInclude Include="utils.h">
      <Filter>Util</Filter>
    </ClInclude>
    <ClInclude Include="SDK.h">
      <Filter>GameData</Filter>
    </ClInclude>
    <ClInclude Include="structs.h">
      <Filter>GameData</Filter>
    </ClInclude>
    <ClInclude Include="GnameType.h">
      <Filter>GameData\GnameType</Filter>
    </ClInclude>
    <ClInclude Include="Offsets.h">
      <Filter>GameData\Game Offsets</Filter>
    </ClInclude>
    <ClInclude Include="Configuration.hpp">
      <Filter>Menu\Config</Filter>
    </ClInclude>
    <ClInclude Include="CSX_Cvar.h">
      <Filter>Util\CSX</Filter>
    </ClInclude>
    <ClInclude Include="memoryfonts.h">
      <Filter>Menu</Filter>
    </ClInclude>
    <ClInclude Include="memoryicons.h">
      <Filter>OpenGL</Filter>
    </ClInclude>
    <ClInclude Include="ui.h">
      <Filter>Imgui\UI</Filter>
    </ClInclude>
    <ClInclude Include="Aimbot.h">
      <Filter>Hack\Features\Aimbot</Filter>
    </ClInclude>
    <ClInclude Include="Misc.h">
      <Filter>Hack\Features\Misc</Filter>
    </ClInclude>
    <ClInclude Include="Visuals.h">
      <Filter>Hack\Features\Visuals</Filter>
    </ClInclude>
    <ClInclude Include="Dots.h">
      <Filter>OpenGL\Other</Filter>
    </ClInclude>
    <ClInclude Include="Watermark.h">
      <Filter>OpenGL\Other</Filter>
    </ClInclude>
    <ClInclude Include="OtherMemory.h">
      <Filter>Util\Memory</Filter>
    </ClInclude>
    <ClInclude Include="Imgui\imconfig.h">
      <Filter>Imgui</Filter>
    </ClInclude>
    <ClInclude Include="Imgui\imgui.h">
      <Filter>Imgui</Filter>
    </ClInclude>
    <ClInclude Include="Imgui\imgui_impl_glfw.h">
      <Filter>Imgui</Filter>
    </ClInclude>
    <ClInclude Include="Imgui\imgui_impl_opengl3.h">
      <Filter>Imgui</Filter>
    </ClInclude>
    <ClInclude Include="Imgui\imgui_internal.h">
      <Filter>Imgui</Filter>
    </ClInclude>
    <ClInclude Include="Imgui\imstb_rectpack.h">
      <Filter>Imgui</Filter>
    </ClInclude>
    <ClInclude Include="Imgui\imstb_textedit.h">
      <Filter>Imgui</Filter>
    </ClInclude>
    <ClInclude Include="Imgui\imstb_truetype.h">
      <Filter>Imgui</Filter>
    </ClInclude>
    <ClInclude Include="kdmapper\intel_driver.hpp">
      <Filter>Util\Loader\kdmapper</Filter>
    </ClInclude>
    <ClInclude Include="kdmapper\intel_driver_resource.hpp">
      <Filter>Util\Loader\kdmapper</Filter>
    </ClInclude>
    <ClInclude Include="kdmapper\kdmapper.hpp">
      <Filter>Util\Loader\kdmapper</Filter>
    </ClInclude>
    <ClInclude Include="kdmapper\nt.hpp">
      <Filter>Util\Loader\kdmapper</Filter>
    </ClInclude>
    <ClInclude Include="kdmapper\portable_executable.hpp">
      <Filter>Util\Loader\kdmapper</Filter>
    </ClInclude>
    <ClInclude Include="kdmapper\service.hpp">
      <Filter>Util\Loader\kdmapper</Filter>
    </ClInclude>
    <ClInclude Include="kdmapper\utils.hpp">
      <Filter>Util\Loader\kdmapper</Filter>
    </ClInclude>
    <ClInclude Include="kRpm.h">
      <Filter>Util\Memory</Filter>
    </ClInclude>
    <ClInclude Include="Driver.h">
      <Filter>Util\Loader\Driver</Filter>
    </ClInclude>
    <ClInclude Include="xor.hpp">
      <Filter>Util\Protect</Filter>
    </ClInclude>
    <ClInclude Include="FarsiType.h">
      <Filter>Util\Arabic</Filter>
    </ClInclude>
    <ClInclude Include="ArabicFont.h">
      <Filter>Util\Arabic</Filter>
    </ClInclude>
    <ClInclude Include="stb_image.h">
      <Filter>Util</Filter>
    </ClInclude>
    <ClInclude Include="WinReg.hpp">
      <Filter>Util</Filter>
    </ClInclude>
  </ItemGroup>
  <ItemGroup>
    <ClCompile Include="Main.cpp" />
    <ClCompile Include="GL3.cpp">
      <Filter>OpenGL</Filter>
    </ClCompile>
    <ClCompile Include="Menu.cpp">
      <Filter>Menu</Filter>
    </ClCompile>
    <ClCompile Include="Render.cpp">
      <Filter>OpenGL\Render</Filter>
    </ClCompile>
    <ClCompile Include="Globals.cpp">
      <Filter>Util\Globals</Filter>
    </ClCompile>
    <ClCompile Include="Settings.cpp">
      <Filter>Menu\Settings</Filter>
    </ClCompile>
    <ClCompile Include="Vector.cpp">
      <Filter>Util\Vector</Filter>
    </ClCompile>
    <ClCompile Include="utils.cpp">
      <Filter>Util</Filter>
    </ClCompile>
    <ClCompile Include="math.cpp">
      <Filter>Util\Math</Filter>
    </ClCompile>
    <ClCompile Include="GnameType.cpp">
      <Filter>GameData\GnameType</Filter>
    </ClCompile>
    <ClCompile Include="Offsets.cpp">
      <Filter>GameData\Game Offsets</Filter>
    </ClCompile>
    <ClCompile Include="Configuration.cpp">
      <Filter>Menu\Config</Filter>
    </ClCompile>
    <ClCompile Include="CSX_Cvar.cpp">
      <Filter>Util\CSX</Filter>
    </ClCompile>
    <ClCompile Include="structs.cpp">
      <Filter>GameData</Filter>
    </ClCompile>
    <ClCompile Include="ui.cpp">
      <Filter>Imgui\UI</Filter>
    </ClCompile>
    <ClCompile Include="Aimbot.cpp">
      <Filter>Hack\Features\Aimbot</Filter>
    </ClCompile>
    <ClCompile Include="Misc.cpp">
      <Filter>Hack\Features\Misc</Filter>
    </ClCompile>
    <ClCompile Include="Visuals.cpp">
      <Filter>Hack\Features\Visuals</Filter>
    </ClCompile>
    <ClCompile Include="Dots.cpp">
      <Filter>OpenGL\Other</Filter>
    </ClCompile>
    <ClCompile Include="Watermark.cpp">
      <Filter>OpenGL\Other</Filter>
    </ClCompile>
    <ClCompile Include="OtherMemory.cpp">
      <Filter>Util\Memory</Filter>
    </ClCompile>
    <ClCompile Include="Imgui\imgui.cpp">
      <Filter>Imgui</Filter>
    </ClCompile>
    <ClCompile Include="Imgui\imgui_draw.cpp">
      <Filter>Imgui</Filter>
    </ClCompile>
    <ClCompile Include="Imgui\imgui_impl_glfw.cpp">
      <Filter>Imgui</Filter>
    </ClCompile>
    <ClCompile Include="Imgui\imgui_impl_opengl3.cpp">
      <Filter>Imgui</Filter>
    </ClCompile>
    <ClCompile Include="Imgui\imgui_tables.cpp">
      <Filter>Imgui</Filter>
    </ClCompile>
    <ClCompile Include="Imgui\imgui_widgets.cpp">
      <Filter>Imgui</Filter>
    </ClCompile>
    <ClCompile Include="FarsiType.cpp">
      <Filter>Util\Arabic</Filter>
    </ClCompile>
    <ClCompile Include="ArabicFont.cpp">
      <Filter>Util\Arabic</Filter>
    </ClCompile>
  </ItemGroup>
</Project>